
Microsoft Visual Studio Solution File, Format Version 12.00
# Visual Studio Version 17
VisualStudioVersion = 17.0.31903.59
MinimumVisualStudioVersion = 10.0.40219.1
Project("{F2A71F9B-5D33-465A-A702-920D77279786}") = "Giraffe.Api", "Giraffe.Api\Giraffe.Api.fsproj", "{5E71FA61-4FC7-4D3A-B2FA-54FDF28AE990}"
EndProject
Project("{F2A71F9B-5D33-465A-A702-920D77279786}") = "Giraffe.EndpointRouting.Api", "Giraffe.EndpointRouting.Api\Giraffe.EndpointRouting.Api.fsproj", "{CE337CDD-227A-467C-8607-416486727749}"
EndProject
Project("{FAE04EC0-301F-11D3-BF4B-00C04F79EFBC}") = "ASP.NETCoreMinimalApi", "ASP.NETCoreMinimalApi\ASP.NETCoreMinimalApi.csproj", "{217B4DC7-0A6D-4F51-BC10-9B3686B36892}"
EndProject
Project("{2150E333-8FDC-42A3-9474-1A3956D46DE8}") = "Express.js", "Express.js", "{3D5B2345-A844-435A-3FC2-1D214ABE15AD}"
EndProject
Project("{F2A71F9B-5D33-465A-A702-920D77279786}") = "Express", "Express.js\Express.fsproj", "{1E7FF863-F4AA-488B-925E-621BF4153A0F}"
EndProject
Project("{2150E333-8FDC-42A3-9474-1A3956D46DE8}") = "Go", "Go", "{F2E7F09F-1CB0-9352-9AAA-C430972E1581}"
EndProject
Project("{F2A71F9B-5D33-465A-A702-920D77279786}") = "Api", "Go\Api.fsproj", "{A0513EAD-4741-4DF6-955A-452E65372A83}"
EndProject
Global
	GlobalSection(SolutionConfigurationPlatforms) = preSolution
		Debug|Any CPU = Debug|Any CPU
		Debug|x64 = Debug|x64
		Debug|x86 = Debug|x86
		Release|Any CPU = Release|Any CPU
		Release|x64 = Release|x64
		Release|x86 = Release|x86
	EndGlobalSection
	GlobalSection(ProjectConfigurationPlatforms) = postSolution
		{5E71FA61-4FC7-4D3A-B2FA-54FDF28AE990}.Debug|Any CPU.ActiveCfg = Debug|Any CPU
		{5E71FA61-4FC7-4D3A-B2FA-54FDF28AE990}.Debug|Any CPU.Build.0 = Debug|Any CPU
		{5E71FA61-4FC7-4D3A-B2FA-54FDF28AE990}.Debug|x64.ActiveCfg = Debug|Any CPU
		{5E71FA61-4FC7-4D3A-B2FA-54FDF28AE990}.Debug|x64.Build.0 = Debug|Any CPU
		{5E71FA61-4FC7-4D3A-B2FA-54FDF28AE990}.Debug|x86.ActiveCfg = Debug|Any CPU
		{5E71FA61-4FC7-4D3A-B2FA-54FDF28AE990}.Debug|x86.Build.0 = Debug|Any CPU
		{5E71FA61-4FC7-4D3A-B2FA-54FDF28AE990}.Release|Any CPU.ActiveCfg = Release|Any CPU
		{5E71FA61-4FC7-4D3A-B2FA-54FDF28AE990}.Release|Any CPU.Build.0 = Release|Any CPU
		{5E71FA61-4FC7-4D3A-B2FA-54FDF28AE990}.Release|x64.ActiveCfg = Release|Any CPU
		{5E71FA61-4FC7-4D3A-B2FA-54FDF28AE990}.Release|x64.Build.0 = Release|Any CPU
		{5E71FA61-4FC7-4D3A-B2FA-54FDF28AE990}.Release|x86.ActiveCfg = Release|Any CPU
		{5E71FA61-4FC7-4D3A-B2FA-54FDF28AE990}.Release|x86.Build.0 = Release|Any CPU
		{CE337CDD-227A-467C-8607-416486727749}.Debug|Any CPU.ActiveCfg = Debug|Any CPU
		{CE337CDD-227A-467C-8607-416486727749}.Debug|Any CPU.Build.0 = Debug|Any CPU
		{CE337CDD-227A-467C-8607-416486727749}.Debug|x64.ActiveCfg = Debug|Any CPU
		{CE337CDD-227A-467C-8607-416486727749}.Debug|x64.Build.0 = Debug|Any CPU
		{CE337CDD-227A-467C-8607-416486727749}.Debug|x86.ActiveCfg = Debug|Any CPU
		{CE337CDD-227A-467C-8607-416486727749}.Debug|x86.Build.0 = Debug|Any CPU
		{CE337CDD-227A-467C-8607-416486727749}.Release|Any CPU.ActiveCfg = Release|Any CPU
		{CE337CDD-227A-467C-8607-416486727749}.Release|Any CPU.Build.0 = Release|Any CPU
		{CE337CDD-227A-467C-8607-416486727749}.Release|x64.ActiveCfg = Release|Any CPU
		{CE337CDD-227A-467C-8607-416486727749}.Release|x64.Build.0 = Release|Any CPU
		{CE337CDD-227A-467C-8607-416486727749}.Release|x86.ActiveCfg = Release|Any CPU
		{CE337CDD-227A-467C-8607-416486727749}.Release|x86.Build.0 = Release|Any CPU
		{217B4DC7-0A6D-4F51-BC10-9B3686B36892}.Debug|Any CPU.ActiveCfg = Debug|Any CPU
		{217B4DC7-0A6D-4F51-BC10-9B3686B36892}.Debug|Any CPU.Build.0 = Debug|Any CPU
		{217B4DC7-0A6D-4F51-BC10-9B3686B36892}.Debug|x64.ActiveCfg = Debug|Any CPU
		{217B4DC7-0A6D-4F51-BC10-9B3686B36892}.Debug|x64.Build.0 = Debug|Any CPU
		{217B4DC7-0A6D-4F51-BC10-9B3686B36892}.Debug|x86.ActiveCfg = Debug|Any CPU
		{217B4DC7-0A6D-4F51-BC10-9B3686B36892}.Debug|x86.Build.0 = Debug|Any CPU
		{217B4DC7-0A6D-4F51-BC10-9B3686B36892}.Release|Any CPU.ActiveCfg = Release|Any CPU
		{217B4DC7-0A6D-4F51-BC10-9B3686B36892}.Release|Any CPU.Build.0 = Release|Any CPU
		{217B4DC7-0A6D-4F51-BC10-9B3686B36892}.Release|x64.ActiveCfg = Release|Any CPU
		{217B4DC7-0A6D-4F51-BC10-9B3686B36892}.Release|x64.Build.0 = Release|Any CPU
		{217B4DC7-0A6D-4F51-BC10-9B3686B36892}.Release|x86.ActiveCfg = Release|Any CPU
		{217B4DC7-0A6D-4F51-BC10-9B3686B36892}.Release|x86.Build.0 = Release|Any CPU
		{1E7FF863-F4AA-488B-925E-621BF4153A0F}.Debug|Any CPU.ActiveCfg = Debug|Any CPU
		{1E7FF863-F4AA-488B-925E-621BF4153A0F}.Debug|Any CPU.Build.0 = Debug|Any CPU
		{1E7FF863-F4AA-488B-925E-621BF4153A0F}.Debug|x64.ActiveCfg = Debug|Any CPU
		{1E7FF863-F4AA-488B-925E-621BF4153A0F}.Debug|x64.Build.0 = Debug|Any CPU
		{1E7FF863-F4AA-488B-925E-621BF4153A0F}.Debug|x86.ActiveCfg = Debug|Any CPU
		{1E7FF863-F4AA-488B-925E-621BF4153A0F}.Debug|x86.Build.0 = Debug|Any CPU
		{1E7FF863-F4AA-488B-925E-621BF4153A0F}.Release|Any CPU.ActiveCfg = Release|Any CPU
		{1E7FF863-F4AA-488B-925E-621BF4153A0F}.Release|Any CPU.Build.0 = Release|Any CPU
		{1E7FF863-F4AA-488B-925E-621BF4153A0F}.Release|x64.ActiveCfg = Release|Any CPU
		{1E7FF863-F4AA-488B-925E-621BF4153A0F}.Release|x64.Build.0 = Release|Any CPU
		{1E7FF863-F4AA-488B-925E-621BF4153A0F}.Release|x86.ActiveCfg = Release|Any CPU
		{1E7FF863-F4AA-488B-925E-621BF4153A0F}.Release|x86.Build.0 = Release|Any CPU
		{A0513EAD-4741-4DF6-955A-452E65372A83}.Debug|Any CPU.ActiveCfg = Debug|Any CPU
		{A0513EAD-4741-4DF6-955A-452E65372A83}.Debug|Any CPU.Build.0 = Debug|Any CPU
		{A0513EAD-4741-4DF6-955A-452E65372A83}.Debug|x64.ActiveCfg = Debug|Any CPU
		{A0513EAD-4741-4DF6-955A-452E65372A83}.Debug|x64.Build.0 = Debug|Any CPU
		{A0513EAD-4741-4DF6-955A-452E65372A83}.Debug|x86.ActiveCfg = Debug|Any CPU
		{A0513EAD-4741-4DF6-955A-452E65372A83}.Debug|x86.Build.0 = Debug|Any CPU
		{A0513EAD-4741-4DF6-955A-452E65372A83}.Release|Any CPU.ActiveCfg = Release|Any CPU
		{A0513EAD-4741-4DF6-955A-452E65372A83}.Release|Any CPU.Build.0 = Release|Any CPU
		{A0513EAD-4741-4DF6-955A-452E65372A83}.Release|x64.ActiveCfg = Release|Any CPU
		{A0513EAD-4741-4DF6-955A-452E65372A83}.Release|x64.Build.0 = Release|Any CPU
		{A0513EAD-4741-4DF6-955A-452E65372A83}.Release|x86.ActiveCfg = Release|Any CPU
		{A0513EAD-4741-4DF6-955A-452E65372A83}.Release|x86.Build.0 = Release|Any CPU
	EndGlobalSection
	GlobalSection(SolutionProperties) = preSolution
		HideSolutionNode = FALSE
	EndGlobalSection
	GlobalSection(NestedProjects) = preSolution
		{1E7FF863-F4AA-488B-925E-621BF4153A0F} = {3D5B2345-A844-435A-3FC2-1D214ABE15AD}
		{A0513EAD-4741-4DF6-955A-452E65372A83} = {F2E7F09F-1CB0-9352-9AAA-C430972E1581}
	EndGlobalSection
EndGlobal
